// !$*UTF8*$!
{
	archiveVersion = 1;
	classes = {
	};
	objectVersion = 50;
	objects = {

/* Begin PBXBuildFile section */
		83AEE7682468DD1A008003FA /* AppDelegate.swift in Sources */ = {isa = PBXBuildFile; fileRef = 83AEE7672468DD1A008003FA /* AppDelegate.swift */; };
		83AEE76A2468DD1A008003FA /* SceneDelegate.swift in Sources */ = {isa = PBXBuildFile; fileRef = 83AEE7692468DD1A008003FA /* SceneDelegate.swift */; };
		83AEE76D2468DD1A008003FA /* BookWorm.xcdatamodeld in Sources */ = {isa = PBXBuildFile; fileRef = 83AEE76B2468DD1A008003FA /* BookWorm.xcdatamodeld */; };
		83AEE76F2468DD1A008003FA /* ContentView.swift in Sources */ = {isa = PBXBuildFile; fileRef = 83AEE76E2468DD1A008003FA /* ContentView.swift */; };
		83AEE7712468DD1C008003FA /* Assets.xcassets in Resources */ = {isa = PBXBuildFile; fileRef = 83AEE7702468DD1C008003FA /* Assets.xcassets */; };
		83AEE7742468DD1C008003FA /* Preview Assets.xcassets in Resources */ = {isa = PBXBuildFile; fileRef = 83AEE7732468DD1C008003FA /* Preview Assets.xcassets */; };
		83AEE7772468DD1C008003FA /* LaunchScreen.storyboard in Resources */ = {isa = PBXBuildFile; fileRef = 83AEE7752468DD1C008003FA /* LaunchScreen.storyboard */; };
		83AEE77F24699881008003FA /* AddBookView.swift in Sources */ = {isa = PBXBuildFile; fileRef = 83AEE77E24699881008003FA /* AddBookView.swift */; };
		83AEE78124699AE7008003FA /* RatingView.swift in Sources */ = {isa = PBXBuildFile; fileRef = 83AEE78024699AE7008003FA /* RatingView.swift */; };
		83AEE78324699BD4008003FA /* EmojiRatingView.swift in Sources */ = {isa = PBXBuildFile; fileRef = 83AEE78224699BD4008003FA /* EmojiRatingView.swift */; };
		83AEE78524699E39008003FA /* DetailView.swift in Sources */ = {isa = PBXBuildFile; fileRef = 83AEE78424699E39008003FA /* DetailView.swift */; };
/* End PBXBuildFile section */

/* Begin PBXFileReference section */
		83AEE7642468DD1A008003FA /* BookWorm.app */ = {isa = PBXFileReference; explicitFileType = wrapper.application; includeInIndex = 0; path = BookWorm.app; sourceTree = BUILT_PRODUCTS_DIR; };
		83AEE7672468DD1A008003FA /* AppDelegate.swift */ = {isa = PBXFileReference; lastKnownFileType = sourcecode.swift; path = AppDelegate.swift; sourceTree = "<group>"; };
		83AEE7692468DD1A008003FA /* SceneDelegate.swift */ = {isa = PBXFileReference; lastKnownFileType = sourcecode.swift; path = SceneDelegate.swift; sourceTree = "<group>"; };
		83AEE76C2468DD1A008003FA /* BookWorm.xcdatamodel */ = {isa = PBXFileReference; lastKnownFileType = wrapper.xcdatamodel; path = BookWorm.xcdatamodel; sourceTree = "<group>"; };
		83AEE76E2468DD1A008003FA /* ContentView.swift */ = {isa = PBXFileReference; lastKnownFileType = sourcecode.swift; path = ContentView.swift; sourceTree = "<group>"; };
		83AEE7702468DD1C008003FA /* Assets.xcassets */ = {isa = PBXFileReference; lastKnownFileType = folder.assetcatalog; path = Assets.xcassets; sourceTree = "<group>"; };
		83AEE7732468DD1C008003FA /* Preview Assets.xcassets */ = {isa = PBXFileReference; lastKnownFileType = folder.assetcatalog; path = "Preview Assets.xcassets"; sourceTree = "<group>"; };
		83AEE7762468DD1C008003FA /* Base */ = {isa = PBXFileReference; lastKnownFileType = file.storyboard; name = Base; path = Base.lproj/LaunchScreen.storyboard; sourceTree = "<group>"; };
		83AEE7782468DD1C008003FA /* Info.plist */ = {isa = PBXFileReference; lastKnownFileType = text.plist.xml; path = Info.plist; sourceTree = "<group>"; };
		83AEE77E24699881008003FA /* AddBookView.swift */ = {isa = PBXFileReference; lastKnownFileType = sourcecode.swift; path = AddBookView.swift; sourceTree = "<group>"; };
		83AEE78024699AE7008003FA /* RatingView.swift */ = {isa = PBXFileReference; lastKnownFileType = sourcecode.swift; path = RatingView.swift; sourceTree = "<group>"; };
		83AEE78224699BD4008003FA /* EmojiRatingView.swift */ = {isa = PBXFileReference; lastKnownFileType = sourcecode.swift; path = EmojiRatingView.swift; sourceTree = "<group>"; };
		83AEE78424699E39008003FA /* DetailView.swift */ = {isa = PBXFileReference; lastKnownFileType = sourcecode.swift; path = DetailView.swift; sourceTree = "<group>"; };
/* End PBXFileReference section */

/* Begin PBXFrameworksBuildPhase section */
		83AEE7612468DD1A008003FA /* Frameworks */ = {
			isa = PBXFrameworksBuildPhase;
			buildActionMask = 2147483647;
			files = (
			);
			runOnlyForDeploymentPostprocessing = 0;
		};
/* End PBXFrameworksBuildPhase section */

/* Begin PBXGroup section */
		83AEE75B2468DD1A008003FA = {
			isa = PBXGroup;
			children = (
				83AEE7662468DD1A008003FA /* BookWorm */,
				83AEE7652468DD1A008003FA /* Products */,
			);
			sourceTree = "<group>";
		};
		83AEE7652468DD1A008003FA /* Products */ = {
			isa = PBXGroup;
			children = (
				83AEE7642468DD1A008003FA /* BookWorm.app */,
			);
			name = Products;
			sourceTree = "<group>";
		};
		83AEE7662468DD1A008003FA /* BookWorm */ = {
			isa = PBXGroup;
			children = (
				83AEE7672468DD1A008003FA /* AppDelegate.swift */,
				83AEE7692468DD1A008003FA /* SceneDelegate.swift */,
				83AEE76E2468DD1A008003FA /* ContentView.swift */,
				83AEE78224699BD4008003FA /* EmojiRatingView.swift */,
				83AEE78024699AE7008003FA /* RatingView.swift */,
				83AEE77E24699881008003FA /* AddBookView.swift */,
				83AEE78424699E39008003FA /* DetailView.swift */,
				83AEE7702468DD1C008003FA /* Assets.xcassets */,
				83AEE7752468DD1C008003FA /* LaunchScreen.storyboard */,
				83AEE7782468DD1C008003FA /* Info.plist */,
				83AEE76B2468DD1A008003FA /* BookWorm.xcdatamodeld */,
				83AEE7722468DD1C008003FA /* Preview Content */,
			);
			path = BookWorm;
			sourceTree = "<group>";
		};
		83AEE7722468DD1C008003FA /* Preview Content */ = {
			isa = PBXGroup;
			children = (
				83AEE7732468DD1C008003FA /* Preview Assets.xcassets */,
			);
			path = "Preview Content";
			sourceTree = "<group>";
		};
/* End PBXGroup section */

/* Begin PBXNativeTarget section */
		83AEE7632468DD1A008003FA /* BookWorm */ = {
			isa = PBXNativeTarget;
			buildConfigurationList = 83AEE77B2468DD1C008003FA /* Build configuration list for PBXNativeTarget "BookWorm" */;
			buildPhases = (
				83AEE7602468DD1A008003FA /* Sources */,
				83AEE7612468DD1A008003FA /* Frameworks */,
				83AEE7622468DD1A008003FA /* Resources */,
			);
			buildRules = (
			);
			dependencies = (
			);
			name = BookWorm;
			productName = BookWorm;
			productReference = 83AEE7642468DD1A008003FA /* BookWorm.app */;
			productType = "com.apple.product-type.application";
		};
/* End PBXNativeTarget section */

/* Begin PBXProject section */
		83AEE75C2468DD1A008003FA /* Project object */ = {
			isa = PBXProject;
			attributes = {
				LastSwiftUpdateCheck = 1140;
				LastUpgradeCheck = 1140;
				ORGANIZATIONNAME = "Christopher Walter";
				TargetAttributes = {
					83AEE7632468DD1A008003FA = {
						CreatedOnToolsVersion = 11.4.1;
					};
				};
			};
			buildConfigurationList = 83AEE75F2468DD1A008003FA /* Build configuration list for PBXProject "BookWorm" */;
			compatibilityVersion = "Xcode 9.3";
			developmentRegion = en;
			hasScannedForEncodings = 0;
			knownRegions = (
				en,
				Base,
			);
			mainGroup = 83AEE75B2468DD1A008003FA;
			productRefGroup = 83AEE7652468DD1A008003FA /* Products */;
			projectDirPath = "";
			projectRoot = "";
			targets = (
				83AEE7632468DD1A008003FA /* BookWorm */,
			);
		};
/* End PBXProject section */

/* Begin PBXResourcesBuildPhase section */
		83AEE7622468DD1A008003FA /* Resources */ = {
			isa = PBXResourcesBuildPhase;
			buildActionMask = 2147483647;
			files = (
				83AEE7772468DD1C008003FA /* LaunchScreen.storyboard in Resources */,
				83AEE7742468DD1C008003FA /* Preview Assets.xcassets in Resources */,
				83AEE7712468DD1C008003FA /* Assets.xcassets in Resources */,
			);
			runOnlyForDeploymentPostprocessing = 0;
		};
/* End PBXResourcesBuildPhase section */

/* Begin PBXSourcesBuildPhase section */
		83AEE7602468DD1A008003FA /* Sources */ = {
			isa = PBXSourcesBuildPhase;
			buildActionMask = 2147483647;
			files = (
				83AEE76D2468DD1A008003FA /* BookWorm.xcdatamodeld in Sources */,
				83AEE78524699E39008003FA /* DetailView.swift in Sources */,
				83AEE7682468DD1A008003FA /* AppDelegate.swift in Sources */,
				83AEE78324699BD4008003FA /* EmojiRatingView.swift in Sources */,
				83AEE76F2468DD1A008003FA /* ContentView.swift in Sources */,
				83AEE78124699AE7008003FA /* RatingView.swift in Sources */,
				83AEE76A2468DD1A008003FA /* SceneDelegate.swift in Sources */,
				83AEE77F24699881008003FA /* AddBookView.swift in Sources */,
			);
			runOnlyForDeploymentPostprocessing = 0;
		};
/* End PBXSourcesBuildPhase section */

/* Begin PBXVariantGroup section */
		83AEE7752468DD1C008003FA /* LaunchScreen.storyboard */ = {
			isa = PBXVariantGroup;
			children = (
				83AEE7762468DD1C008003FA /* Base */,
			);
			name = LaunchScreen.storyboard;
			sourceTree = "<group>";
		};
/* End PBXVariantGroup section */

/* Begin XCBuildConfiguration section */
		83AEE7792468DD1C008003FA /* Debug */ = {
			isa = XCBuildConfiguration;
			buildSettings = {
				ALWAYS_SEARCH_USER_PATHS = NO;
				CLANG_ANALYZER_NONNULL = YES;
				CLANG_ANALYZER_NUMBER_OBJECT_CONVERSION = YES_AGGRESSIVE;
				CLANG_CXX_LANGUAGE_STANDARD = "gnu++14";
				CLANG_CXX_LIBRARY = "libc++";
				CLANG_ENABLE_MODULES = YES;
				CLANG_ENABLE_OBJC_ARC = YES;
				CLANG_ENABLE_OBJC_WEAK = YES;
				CLANG_WARN_BLOCK_CAPTURE_AUTORELEASING = YES;
				CLANG_WARN_BOOL_CONVERSION = YES;
				CLANG_WARN_COMMA = YES;
				CLANG_WARN_CONSTANT_CONVERSION = YES;
				CLANG_WARN_DEPRECATED_OBJC_IMPLEMENTATIONS = YES;
				CLANG_WARN_DIRECT_OBJC_ISA_USAGE = YES_ERROR;
				CLANG_WARN_DOCUMENTATION_COMMENTS = YES;
				CLANG_WARN_EMPTY_BODY = YES;
				CLANG_WARN_ENUM_CONVERSION = YES;
				CLANG_WARN_INFINITE_RECURSION = YES;
				CLANG_WARN_INT_CONVERSION = YES;
				CLANG_WARN_NON_LITERAL_NULL_CONVERSION = YES;
				CLANG_WARN_OBJC_IMPLICIT_RETAIN_SELF = YES;
				CLANG_WARN_OBJC_LITERAL_CONVERSION = YES;
				CLANG_WARN_OBJC_ROOT_CLASS = YES_ERROR;
				CLANG_WARN_RANGE_LOOP_ANALYSIS = YES;
				CLANG_WARN_STRICT_PROTOTYPES = YES;
				CLANG_WARN_SUSPICIOUS_MOVE = YES;
				CLANG_WARN_UNGUARDED_AVAILABILITY = YES_AGGRESSIVE;
				CLANG_WARN_UNREACHABLE_CODE = YES;
				CLANG_WARN__DUPLICATE_METHOD_MATCH = YES;
				COPY_PHASE_STRIP = NO;
				DEBUG_INFORMATION_FORMAT = dwarf;
				ENABLE_STRICT_OBJC_MSGSEND = YES;
				ENABLE_TESTABILITY = YES;
				GCC_C_LANGUAGE_STANDARD = gnu11;
				GCC_DYNAMIC_NO_PIC = NO;
				GCC_NO_COMMON_BLOCKS = YES;
				GCC_OPTIMIZATION_LEVEL = 0;
				GCC_PREPROCESSOR_DEFINITIONS = (
					"DEBUG=1",
					"$(inherited)",
				);
				GCC_WARN_64_TO_32_BIT_CONVERSION = YES;
				GCC_WARN_ABOUT_RETURN_TYPE = YES_ERROR;
				GCC_WARN_UNDECLARED_SELECTOR = YES;
				GCC_WARN_UNINITIALIZED_AUTOS = YES_AGGRESSIVE;
				GCC_WARN_UNUSED_FUNCTION = YES;
				GCC_WARN_UNUSED_VARIABLE = YES;
				IPHONEOS_DEPLOYMENT_TARGET = 13.4;
				MTL_ENABLE_DEBUG_INFO = INCLUDE_SOURCE;
				MTL_FAST_MATH = YES;
				ONLY_ACTIVE_ARCH = YES;
				SDKROOT = iphoneos;
				SWIFT_ACTIVE_COMPILATION_CONDITIONS = DEBUG;
				SWIFT_OPTIMIZATION_LEVEL = "-Onone";
			};
			name = Debug;
		};
		83AEE77A2468DD1C008003FA /* Release */ = {
			isa = XCBuildConfiguration;
			buildSettings = {
				ALWAYS_SEARCH_USER_PATHS = NO;
				CLANG_ANALYZER_NONNULL = YES;
				CLANG_ANALYZER_NUMBER_OBJECT_CONVERSION = YES_AGGRESSIVE;
				CLANG_CXX_LANGUAGE_STANDARD = "gnu++14";
				CLANG_CXX_LIBRARY = "libc++";
				CLANG_ENABLE_MODULES = YES;
				CLANG_ENABLE_OBJC_ARC = YES;
				CLANG_ENABLE_OBJC_WEAK = YES;
				CLANG_WARN_BLOCK_CAPTURE_AUTORELEASING = YES;
				CLANG_WARN_BOOL_CONVERSION = YES;
				CLANG_WARN_COMMA = YES;
				CLANG_WARN_CONSTANT_CONVERSION = YES;
				CLANG_WARN_DEPRECATED_OBJC_IMPLEMENTATIONS = YES;
				CLANG_WARN_DIRECT_OBJC_ISA_USAGE = YES_ERROR;
				CLANG_WARN_DOCUMENTATION_COMMENTS = YES;
				CLANG_WARN_EMPTY_BODY = YES;
				CLANG_WARN_ENUM_CONVERSION = YES;
				CLANG_WARN_INFINITE_RECURSION = YES;
				CLANG_WARN_INT_CONVERSION = YES;
				CLANG_WARN_NON_LITERAL_NULL_CONVERSION = YES;
				CLANG_WARN_OBJC_IMPLICIT_RETAIN_SELF = YES;
				CLANG_WARN_OBJC_LITERAL_CONVERSION = YES;
				CLANG_WARN_OBJC_ROOT_CLASS = YES_ERROR;
				CLANG_WARN_RANGE_LOOP_ANALYSIS = YES;
				CLANG_WARN_STRICT_PROTOTYPES = YES;
				CLANG_WARN_SUSPICIOUS_MOVE = YES;
				CLANG_WARN_UNGUARDED_AVAILABILITY = YES_AGGRESSIVE;
				CLANG_WARN_UNREACHABLE_CODE = YES;
				CLANG_WARN__DUPLICATE_METHOD_MATCH = YES;
				COPY_PHASE_STRIP = NO;
				DEBUG_INFORMATION_FORMAT = "dwarf-with-dsym";
				ENABLE_NS_ASSERTIONS = NO;
				ENABLE_STRICT_OBJC_MSGSEND = YES;
				GCC_C_LANGUAGE_STANDARD = gnu11;
				GCC_NO_COMMON_BLOCKS = YES;
				GCC_WARN_64_TO_32_BIT_CONVERSION = YES;
				GCC_WARN_ABOUT_RETURN_TYPE = YES_ERROR;
				GCC_WARN_UNDECLARED_SELECTOR = YES;
				GCC_WARN_UNINITIALIZED_AUTOS = YES_AGGRESSIVE;
				GCC_WARN_UNUSED_FUNCTION = YES;
				GCC_WARN_UNUSED_VARIABLE = YES;
				IPHONEOS_DEPLOYMENT_TARGET = 13.4;
				MTL_ENABLE_DEBUG_INFO = NO;
				MTL_FAST_MATH = YES;
				SDKROOT = iphoneos;
				SWIFT_COMPILATION_MODE = wholemodule;
				SWIFT_OPTIMIZATION_LEVEL = "-O";
				VALIDATE_PRODUCT = YES;
			};
			name = Release;
		};
		83AEE77C2468DD1C008003FA /* Debug */ = {
			isa = XCBuildConfiguration;
			buildSettings = {
				ASSETCATALOG_COMPILER_APPICON_NAME = AppIcon;
				CODE_SIGN_STYLE = Automatic;
				DEVELOPMENT_ASSET_PATHS = "\"BookWorm/Preview Content\"";
				DEVELOPMENT_TEAM = 84LWTY6T5F;
				ENABLE_PREVIEWS = YES;
				INFOPLIST_FILE = BookWorm/Info.plist;
				LD_RUNPATH_SEARCH_PATHS = (
					"$(inherited)",
					"@executable_path/Frameworks",
				);
				PRODUCT_BUNDLE_IDENTIFIER = com.DocsApps.BookWorm;
				PRODUCT_NAME = "$(TARGET_NAME)";
				SWIFT_VERSION = 5.0;
				TARGETED_DEVICE_FAMILY = "1,2";
			};
			name = Debug;
		};
		83AEE77D2468DD1C008003FA /* Release */ = {
			isa = XCBuildConfiguration;
			buildSettings = {
				ASSETCATALOG_COMPILER_APPICON_NAME = AppIcon;
				CODE_SIGN_STYLE = Automatic;
				DEVELOPMENT_ASSET_PATHS = "\"BookWorm/Preview Content\"";
				DEVELOPMENT_TEAM = 84LWTY6T5F;
				ENABLE_PREVIEWS = YES;
				INFOPLIST_FILE = BookWorm/Info.plist;
				LD_RUNPATH_SEARCH_PATHS = (
					"$(inherited)",
					"@executable_path/Frameworks",
				);
				PRODUCT_BUNDLE_IDENTIFIER = com.DocsApps.BookWorm;
				PRODUCT_NAME = "$(TARGET_NAME)";
				SWIFT_VERSION = 5.0;
				TARGETED_DEVICE_FAMILY = "1,2";
			};
			name = Release;
		};
/* End XCBuildConfiguration section */

/* Begin XCConfigurationList section */
		83AEE75F2468DD1A008003FA /* Build configuration list for PBXProject "BookWorm" */ = {
			isa = XCConfigurationList;
			buildConfigurations = (
				83AEE7792468DD1C008003FA /* Debug */,
				83AEE77A2468DD1C008003FA /* Release */,
			);
			defaultConfigurationIsVisible = 0;
			defaultConfigurationName = Release;
		};
		83AEE77B2468DD1C008003FA /* Build configuration list for PBXNativeTarget "BookWorm" */ = {
			isa = XCConfigurationList;
			buildConfigurations = (
				83AEE77C2468DD1C008003FA /* Debug */,
				83AEE77D2468DD1C008003FA /* Release */,
			);
			defaultConfigurationIsVisible = 0;
			defaultConfigurationName = Release;
		};
/* End XCConfigurationList section */

/* Begin XCVersionGroup section */
		83AEE76B2468DD1A008003FA /* BookWorm.xcdatamodeld */ = {
			isa = XCVersionGroup;
			children = (
				83AEE76C2468DD1A008003FA /* BookWorm.xcdatamodel */,
			);
			currentVersion = 83AEE76C2468DD1A008003FA /* BookWorm.xcdatamodel */;
			path = BookWorm.xcdatamodeld;
			sourceTree = "<group>";
			versionGroupType = wrapper.xcdatamodel;
		};
/* End XCVersionGroup section */
	};
	rootObject = 83AEE75C2468DD1A008003FA /* Project object */;
}
